
Microsoft Visual Studio Solution File, Format Version 12.00
# Visual Studio Version 17
VisualStudioVersion = 17.5.002.0
MinimumVisualStudioVersion = 10.0.40219.1
Project("{9A19103F-16F7-4668-BE54-9A1E7A4F7556}") = "CMS", "CMS.csproj", "{2AB9B792-9D80-4DCA-B3CE-2EECA7D9072F}"
EndProject
Global
	GlobalSection(SolutionConfigurationPlatforms) = preSolution
		Debug|Any CPU = Debug|Any CPU
		Release|Any CPU = Release|Any CPU
	EndGlobalSection
	GlobalSection(ProjectConfigurationPlatforms) = postSolution
		{2AB9B792-9D80-4DCA-B3CE-2EECA7D9072F}.Debug|Any CPU.ActiveCfg = Debug|Any CPU
		{2AB9B792-9D80-4DCA-B3CE-2EECA7D9072F}.Debug|Any CPU.Build.0 = Debug|Any CPU
		{2AB9B792-9D80-4DCA-B3CE-2EECA7D9072F}.Release|Any CPU.ActiveCfg = Release|Any CPU
		{2AB9B792-9D80-4DCA-B3CE-2EECA7D9072F}.Release|Any CPU.Build.0 = Release|Any CPU
	EndGlobalSection
	GlobalSection(SolutionProperties) = preSolution
		HideSolutionNode = FALSE
	EndGlobalSection
	GlobalSection(ExtensibilityGlobals) = postSolution
		SolutionGuid = {EAA21531-759F-4AAC-A3AB-F9C97D422B20}
	EndGlobalSection
EndGlobal
